// !$*UTF8*$!
{
	archiveVersion = 1;
	classes = {
	};
	objectVersion = 77;
	objects = {

/* Begin PBXBuildFile section */
		4B3363B23004F26200890E18 /* AcornEngine in Frameworks */ = {isa = PBXBuildFile; productRef = 4B3363B33004F26200890E18 /* AcornEngine */; };
/* End PBXBuildFile section */

/* Begin PBXContainerItemProxy section */
		4BC3732E2FEFA33600A1DCB4 /* PBXContainerItemProxy */ = {
			isa = PBXContainerItemProxy;
			containerPortal = 4BC3730D2FEFA33500A1DCB4 /* Project object */;
			proxyType = 1;
			remoteGlobalIDString = 4BC373142FEFA33500A1DCB4;
			remoteInfo = MatchAcorn;
		};
		4BC373382FEFA33600A1DCB4 /* PBXContainerItemProxy */ = {
			isa = PBXContainerItemProxy;
			containerPortal = 4BC3730D2FEFA33500A1DCB4 /* Project object */;
			proxyType = 1;
			remoteGlobalIDString = 4BC373142FEFA33500A1DCB4;
			remoteInfo = MatchAcorn;
		};
/* End PBXContainerItemProxy section */

/* Begin PBXFileReference section */
		4BC373152FEFA33500A1DCB4 /* MatchAcorn.app */ = {isa = PBXFileReference; explicitFileType = wrapper.application; includeInIndex = 0; path = MatchAcorn.app; sourceTree = BUILT_PRODUCTS_DIR; };
		4BC3732D2FEFA33600A1DCB4 /* MatchAcornTests.xctest */ = {isa = PBXFileReference; explicitFileType = wrapper.cfbundle; includeInIndex = 0; path = MatchAcornTests.xctest; sourceTree = BUILT_PRODUCTS_DIR; };
		4BC373372FEFA33600A1DCB4 /* MatchAcornUITests.xctest */ = {isa = PBXFileReference; explicitFileType = wrapper.cfbundle; includeInIndex = 0; path = MatchAcornUITests.xctest; sourceTree = BUILT_PRODUCTS_DIR; };
/* End PBXFileReference section */

/* Begin PBXFileSystemSynchronizedBuildFileExceptionSet section */
		4BC3733F2FEFA33600A1DCB4 /* Exceptions for "MatchAcorn" folder in "MatchAcorn" target */ = {
			isa = PBXFileSystemSynchronizedBuildFileExceptionSet;
			membershipExceptions = (
				Info.plist,
			);
			target = 4BC373142FEFA33500A1DCB4 /* MatchAcorn */;
		};
/* End PBXFileSystemSynchronizedBuildFileExceptionSet section */

/* Begin PBXFileSystemSynchronizedRootGroup section */
		4BC373172FEFA33500A1DCB4 /* MatchAcorn */ = {
			isa = PBXFileSystemSynchronizedRootGroup;
			exceptions = (
				4BC3733F2FEFA33600A1DCB4 /* Exceptions for "MatchAcorn" folder in "MatchAcorn" target */,
			);
			path = MatchAcorn;
			sourceTree = "<group>";
		};
		4BC373302FEFA33600A1DCB4 /* MatchAcornTests */ = {
			isa = PBXFileSystemSynchronizedRootGroup;
			path = MatchAcornTests;
			sourceTree = "<group>";
		};
		4BC3733A2FEFA33600A1DCB4 /* MatchAcornUITests */ = {
			isa = PBXFileSystemSynchronizedRootGroup;
			path = MatchAcornUITests;
			sourceTree = "<group>";
		};
/* End PBXFileSystemSynchronizedRootGroup section */

/* Begin PBXFrameworksBuildPhase section */
		4BC373122FEFA33500A1DCB4 /* Frameworks */ = {
			isa = PBXFrameworksBuildPhase;
			buildActionMask = 2147483647;
			files = (
				4B3363B23004F26200890E18 /* AcornEngine in Frameworks */,
			);
			runOnlyForDeploymentPostprocessing = 0;
		};
		4BC3732A2FEFA33600A1DCB4 /* Frameworks */ = {
			isa = PBXFrameworksBuildPhase;
			buildActionMask = 2147483647;
			files = (
			);
			runOnlyForDeploymentPostprocessing = 0;
		};
		4BC373342FEFA33600A1DCB4 /* Frameworks */ = {
			isa = PBXFrameworksBuildPhase;
			buildActionMask = 2147483647;
			files = (
			);
			runOnlyForDeploymentPostprocessing = 0;
		};
/* End PBXFrameworksBuildPhase section */

/* Begin PBXGroup section */
		4B3363AE3004F21B00890E18 /* Frameworks */ = {
			isa = PBXGroup;
			children = (
			);
			name = Frameworks;
			sourceTree = "<group>";
		};
		4BC3730C2FEFA33500A1DCB4 = {
			isa = PBXGroup;
			children = (
				4BC373172FEFA33500A1DCB4 /* MatchAcorn */,
				4BC373302FEFA33600A1DCB4 /* MatchAcornTests */,
				4BC3733A2FEFA33600A1DCB4 /* MatchAcornUITests */,
				4B3363AE3004F21B00890E18 /* Frameworks */,
				4BC373162FEFA33500A1DCB4 /* Products */,
			);
			sourceTree = "<group>";
		};
		4BC373162FEFA33500A1DCB4 /* Products */ = {
			isa = PBXGroup;
			children = (
				4BC373152FEFA33500A1DCB4 /* MatchAcorn.app */,
				4BC3732D2FEFA33600A1DCB4 /* MatchAcornTests.xctest */,
				4BC373372FEFA33600A1DCB4 /* MatchAcornUITests.xctest */,
			);
			name = Products;
			sourceTree = "<group>";
		};
/* End PBXGroup section */

/* Begin PBXNativeTarget section */
		4BC373142FEFA33500A1DCB4 /* MatchAcorn */ = {
			isa = PBXNativeTarget;
			buildConfigurationList = 4BC373402FEFA33600A1DCB4 /* Build configuration list for PBXNativeTarget "MatchAcorn" */;
			buildPhases = (
				4BC373112FEFA33500A1DCB4 /* Sources */,
				4BC373122FEFA33500A1DCB4 /* Frameworks */,
				4BC373132FEFA33500A1DCB4 /* Resources */,
			);
			buildRules = (
			);
			dependencies = (
			);
			fileSystemSynchronizedGroups = (
				4BC373172FEFA33500A1DCB4 /* MatchAcorn */,
			);
			name = MatchAcorn;
			packageProductDependencies = (
				4B3363B33004F26200890E18 /* AcornEngine */,
			);
			productName = MatchAcorn;
			productReference = 4BC373152FEFA33500A1DCB4 /* MatchAcorn.app */;
			productType = "com.apple.product-type.application";
		};
		4BC3732C2FEFA33600A1DCB4 /* MatchAcornTests */ = {
			isa = PBXNativeTarget;
			buildConfigurationList = 4BC373452FEFA33600A1DCB4 /* Build configuration list for PBXNativeTarget "MatchAcornTests" */;
			buildPhases = (
				4BC373292FEFA33600A1DCB4 /* Sources */,
				4BC3732A2FEFA33600A1DCB4 /* Frameworks */,
				4BC3732B2FEFA33600A1DCB4 /* Resources */,
			);
			buildRules = (
			);
			dependencies = (
				4BC3732F2FEFA33600A1DCB4 /* PBXTargetDependency */,
			);
			fileSystemSynchronizedGroups = (
				4BC373302FEFA33600A1DCB4 /* MatchAcornTests */,
			);
			name = MatchAcornTests;
			packageProductDependencies = (
			);
			productName = MatchAcornTests;
			productReference = 4BC3732D2FEFA33600A1DCB4 /* MatchAcornTests.xctest */;
			productType = "com.apple.product-type.bundle.unit-test";
		};
		4BC373362FEFA33600A1DCB4 /* MatchAcornUITests */ = {
			isa = PBXNativeTarget;
			buildConfigurationList = 4BC373482FEFA33600A1DCB4 /* Build configuration list for PBXNativeTarget "MatchAcornUITests" */;
			buildPhases = (
				4BC373332FEFA33600A1DCB4 /* Sources */,
				4BC373342FEFA33600A1DCB4 /* Frameworks */,
				4BC373352FEFA33600A1DCB4 /* Resources */,
			);
			buildRules = (
			);
			dependencies = (
				4BC373392FEFA33600A1DCB4 /* PBXTargetDependency */,
			);
			fileSystemSynchronizedGroups = (
				4BC3733A2FEFA33600A1DCB4 /* MatchAcornUITests */,
			);
			name = MatchAcornUITests;
			packageProductDependencies = (
			);
			productName = MatchAcornUITests;
			productReference = 4BC373372FEFA33600A1DCB4 /* MatchAcornUITests.xctest */;
			productType = "com.apple.product-type.bundle.ui-testing";
		};
/* End PBXNativeTarget section */

/* Begin PBXProject section */
		4BC3730D2FEFA33500A1DCB4 /* Project object */ = {
			isa = PBXProject;
			attributes = {
				BuildIndependentTargetsInParallel = 1;
				LastSwiftUpdateCheck = 2650;
				LastUpgradeCheck = 2660;
				TargetAttributes = {
					4BC373142FEFA33500A1DCB4 = {
						CreatedOnToolsVersion = 26.5;
					};
					4BC3732C2FEFA33600A1DCB4 = {
						CreatedOnToolsVersion = 26.5;
						TestTargetID = 4BC373142FEFA33500A1DCB4;
					};
					4BC373362FEFA33600A1DCB4 = {
						CreatedOnToolsVersion = 26.5;
						TestTargetID = 4BC373142FEFA33500A1DCB4;
					};
				};
			};
			buildConfigurationList = 4BC373102FEFA33500A1DCB4 /* Build configuration list for PBXProject "MatchAcorn" */;
			developmentRegion = en;
			hasScannedForEncodings = 0;
			knownRegions = (
				en,
				Base,
			);
			mainGroup = 4BC3730C2FEFA33500A1DCB4;
			minimizedProjectReferenceProxies = 1;
			packageReferences = (
				4B3363B13004F26200890E18 /* XCLocalSwiftPackageReference "../../Engine" */,
			);
			preferredProjectObjectVersion = 77;
			productRefGroup = 4BC373162FEFA33500A1DCB4 /* Products */;
			projectDirPath = "";
			projectRoot = "";
			targets = (
				4BC373142FEFA33500A1DCB4 /* MatchAcorn */,
				4BC3732C2FEFA33600A1DCB4 /* MatchAcornTests */,
				4BC373362FEFA33600A1DCB4 /* MatchAcornUITests */,
			);
		};
/* End PBXProject section */

/* Begin PBXResourcesBuildPhase section */
		4BC373132FEFA33500A1DCB4 /* Resources */ = {
			isa = PBXResourcesBuildPhase;
			buildActionMask = 2147483647;
			files = (
			);
			runOnlyForDeploymentPostprocessing = 0;
		};
		4BC3732B2FEFA33600A1DCB4 /* Resources */ = {
			isa = PBXResourcesBuildPhase;
			buildActionMask = 2147483647;
			files = (
			);
			runOnlyForDeploymentPostprocessing = 0;
		};
		4BC373352FEFA33600A1DCB4 /* Resources */ = {
			isa = PBXResourcesBuildPhase;
			buildActionMask = 2147483647;
			files = (
			);
			runOnlyForDeploymentPostprocessing = 0;
		};
/* End PBXResourcesBuildPhase section */

/* Begin PBXSourcesBuildPhase section */
		4BC373112FEFA33500A1DCB4 /* Sources */ = {
			isa = PBXSourcesBuildPhase;
			buildActionMask = 2147483647;
			files = (
			);
			runOnlyForDeploymentPostprocessing = 0;
		};
		4BC373292FEFA33600A1DCB4 /* Sources */ = {
			isa = PBXSourcesBuildPhase;
			buildActionMask = 2147483647;
			files = (
			);
			runOnlyForDeploymentPostprocessing = 0;
		};
		4BC373332FEFA33600A1DCB4 /* Sources */ = {
			isa = PBXSourcesBuildPhase;
			buildActionMask = 2147483647;
			files = (
			);
			runOnlyForDeploymentPostprocessing = 0;
		};
/* End PBXSourcesBuildPhase section */

/* Begin PBXTargetDependency section */
		4BC3732F2FEFA33600A1DCB4 /* PBXTargetDependency */ = {
			isa = PBXTargetDependency;
			target = 4BC373142FEFA33500A1DCB4 /* MatchAcorn */;
			targetProxy = 4BC3732E2FEFA33600A1DCB4 /* PBXContainerItemProxy */;
		};
		4BC373392FEFA33600A1DCB4 /* PBXTargetDependency */ = {
			isa = PBXTargetDependency;
			target = 4BC373142FEFA33500A1DCB4 /* MatchAcorn */;
			targetProxy = 4BC373382FEFA33600A1DCB4 /* PBXContainerItemProxy */;
		};
/* End PBXTargetDependency section */

/* Begin XCBuildConfiguration section */
		4BC373412FEFA33600A1DCB4 /* Debug */ = {
			isa = XCBuildConfiguration;
			buildSettings = {
				ASSETCATALOG_COMPILER_APPICON_NAME = AppIcon;
				ASSETCATALOG_COMPILER_GLOBAL_ACCENT_COLOR_NAME = AccentColor;
				CODE_SIGN_STYLE = Automatic;
				CURRENT_PROJECT_VERSION = 1;
				DEVELOPMENT_TEAM = 5N645UMVDP;
				GENERATE_INFOPLIST_FILE = YES;
				INFOPLIST_FILE = MatchAcorn/Info.plist;
				INFOPLIST_KEY_UIApplicationSupportsIndirectInputEvents = YES;
				INFOPLIST_KEY_UIMainStoryboardFile = Main;
				INFOPLIST_KEY_UIRequiredDeviceCapabilities = metal;
				INFOPLIST_KEY_UIStatusBarHidden = YES;
				INFOPLIST_KEY_UISupportedInterfaceOrientations_iPad = "UIInterfaceOrientationPortrait UIInterfaceOrientationPortraitUpsideDown UIInterfaceOrientationLandscapeLeft UIInterfaceOrientationLandscapeRight";
				INFOPLIST_KEY_UISupportedInterfaceOrientations_iPhone = "UIInterfaceOrientationPortrait UIInterfaceOrientationLandscapeLeft UIInterfaceOrientationLandscapeRight";
				LD_RUNPATH_SEARCH_PATHS = (
					"$(inherited)",
					"@executable_path/Frameworks",
				);
				MARKETING_VERSION = 1.0;
				OTHER_SWIFT_FLAGS = "-cxx-interoperability-mode=default";
				PRODUCT_BUNDLE_IDENTIFIER = im.teemu.MatchAcorn;
				PRODUCT_NAME = "$(TARGET_NAME)";
				STRING_CATALOG_GENERATE_SYMBOLS = YES;
				SWIFT_APPROACHABLE_CONCURRENCY = YES;
				SWIFT_CXX_INTEROPERABILITY_MODE = default;
				SWIFT_DEFAULT_ACTOR_ISOLATION = MainActor;
				SWIFT_EMIT_LOC_STRINGS = YES;
				SWIFT_UPCOMING_FEATURE_MEMBER_IMPORT_VISIBILITY = YES;
				SWIFT_VERSION = 5.0;
				TARGETED_DEVICE_FAMILY = "1,2";
			};
			name = Debug;
		};
		4BC373422FEFA33600A1DCB4 /* Release */ = {
			isa = XCBuildConfiguration;
			buildSettings = {
				ASSETCATALOG_COMPILER_APPICON_NAME = AppIcon;
				ASSETCATALOG_COMPILER_GLOBAL_ACCENT_COLOR_NAME = AccentColor;
				CODE_SIGN_STYLE = Automatic;
				CURRENT_PROJECT_VERSION = 1;
				DEVELOPMENT_TEAM = 5N645UMVDP;
				GENERATE_INFOPLIST_FILE = YES;
				INFOPLIST_FILE = MatchAcorn/Info.plist;
				INFOPLIST_KEY_UIApplicationSupportsIndirectInputEvents = YES;
				INFOPLIST_KEY_UIMainStoryboardFile = Main;
				INFOPLIST_KEY_UIRequiredDeviceCapabilities = metal;
				INFOPLIST_KEY_UIStatusBarHidden = YES;
				INFOPLIST_KEY_UISupportedInterfaceOrientations_iPad = "UIInterfaceOrientationPortrait UIInterfaceOrientationPortraitUpsideDown UIInterfaceOrientationLandscapeLeft UIInterfaceOrientationLandscapeRight";
				INFOPLIST_KEY_UISupportedInterfaceOrientations_iPhone = "UIInterfaceOrientationPortrait UIInterfaceOrientationLandscapeLeft UIInterfaceOrientationLandscapeRight";
				LD_RUNPATH_SEARCH_PATHS = (
					"$(inherited)",
					"@executable_path/Frameworks",
				);
				MARKETING_VERSION = 1.0;
				OTHER_SWIFT_FLAGS = "-cxx-interoperability-mode=default";
				PRODUCT_BUNDLE_IDENTIFIER = im.teemu.MatchAcorn;
				PRODUCT_NAME = "$(TARGET_NAME)";
				STRING_CATALOG_GENERATE_SYMBOLS = YES;
				SWIFT_APPROACHABLE_CONCURRENCY = YES;
				SWIFT_CXX_INTEROPERABILITY_MODE = default;
				SWIFT_DEFAULT_ACTOR_ISOLATION = MainActor;
				SWIFT_EMIT_LOC_STRINGS = YES;
				SWIFT_UPCOMING_FEATURE_MEMBER_IMPORT_VISIBILITY = YES;
				SWIFT_VERSION = 5.0;
				TARGETED_DEVICE_FAMILY = "1,2";
			};
			name = Release;
		};
		4BC373432FEFA33600A1DCB4 /* Debug */ = {
			isa = XCBuildConfiguration;
			buildSettings = {
				ALWAYS_SEARCH_USER_PATHS = NO;
				ASSETCATALOG_COMPILER_GENERATE_SWIFT_ASSET_SYMBOL_EXTENSIONS = YES;
				CLANG_ANALYZER_NONNULL = YES;
				CLANG_ANALYZER_NUMBER_OBJECT_CONVERSION = YES_AGGRESSIVE;
				CLANG_CXX_LANGUAGE_STANDARD = "gnu++20";
				CLANG_ENABLE_MODULES = YES;
				CLANG_ENABLE_OBJC_ARC = YES;
				CLANG_ENABLE_OBJC_WEAK = YES;
				CLANG_WARN_BLOCK_CAPTURE_AUTORELEASING = YES;
				CLANG_WARN_BOOL_CONVERSION = YES;
				CLANG_WARN_COMMA = YES;
				CLANG_WARN_CONSTANT_CONVERSION = YES;
				CLANG_WARN_DEPRECATED_OBJC_IMPLEMENTATIONS = YES;
				CLANG_WARN_DIRECT_OBJC_ISA_USAGE = YES_ERROR;
				CLANG_WARN_DOCUMENTATION_COMMENTS = YES;
				CLANG_WARN_EMPTY_BODY = YES;
				CLANG_WARN_ENUM_CONVERSION = YES;
				CLANG_WARN_INFINITE_RECURSION = YES;
				CLANG_WARN_INT_CONVERSION = YES;
				CLANG_WARN_NON_LITERAL_NULL_CONVERSION = YES;
				CLANG_WARN_OBJC_IMPLICIT_RETAIN_SELF = YES;
				CLANG_WARN_OBJC_LITERAL_CONVERSION = YES;
				CLANG_WARN_OBJC_ROOT_CLASS = YES_ERROR;
				CLANG_WARN_QUOTED_INCLUDE_IN_FRAMEWORK_HEADER = YES;
				CLANG_WARN_RANGE_LOOP_ANALYSIS = YES;
				CLANG_WARN_STRICT_PROTOTYPES = YES;
				CLANG_WARN_SUSPICIOUS_MOVE = YES;
				CLANG_WARN_UNGUARDED_AVAILABILITY = YES_AGGRESSIVE;
				CLANG_WARN_UNREACHABLE_CODE = YES;
				CLANG_WARN__DUPLICATE_METHOD_MATCH = YES;
				COPY_PHASE_STRIP = NO;
				DEBUG_INFORMATION_FORMAT = dwarf;
				DEVELOPMENT_TEAM = 5N645UMVDP;
				ENABLE_STRICT_OBJC_MSGSEND = YES;
				ENABLE_TESTABILITY = YES;
				ENABLE_USER_SCRIPT_SANDBOXING = YES;
				GCC_C_LANGUAGE_STANDARD = gnu17;
				GCC_DYNAMIC_NO_PIC = NO;
				GCC_NO_COMMON_BLOCKS = YES;
				GCC_OPTIMIZATION_LEVEL = 0;
				GCC_PREPROCESSOR_DEFINITIONS = (
					"DEBUG=1",
					"$(inherited)",
				);
				GCC_WARN_64_TO_32_BIT_CONVERSION = YES;
				GCC_WARN_ABOUT_RETURN_TYPE = YES_ERROR;
				GCC_WARN_UNDECLARED_SELECTOR = YES;
				GCC_WARN_UNINITIALIZED_AUTOS = YES_AGGRESSIVE;
				GCC_WARN_UNUSED_FUNCTION = YES;
				GCC_WARN_UNUSED_VARIABLE = YES;
				IPHONEOS_DEPLOYMENT_TARGET = 26.5;
				LOCALIZATION_PREFERS_STRING_CATALOGS = YES;
				MTL_ENABLE_DEBUG_INFO = INCLUDE_SOURCE;
				MTL_FAST_MATH = YES;
				ONLY_ACTIVE_ARCH = YES;
				OTHER_SWIFT_FLAGS = "-cxx-interoperability-mode=default";
				SDKROOT = iphoneos;
				STRING_CATALOG_GENERATE_SYMBOLS = YES;
				SWIFT_ACTIVE_COMPILATION_CONDITIONS = "DEBUG $(inherited)";
				SWIFT_CXX_INTEROPERABILITY_MODE = default;
				SWIFT_OPTIMIZATION_LEVEL = "-Onone";
			};
			name = Debug;
		};
		4BC373442FEFA33600A1DCB4 /* Release */ = {
			isa = XCBuildConfiguration;
			buildSettings = {
				ALWAYS_SEARCH_USER_PATHS = NO;
				ASSETCATALOG_COMPILER_GENERATE_SWIFT_ASSET_SYMBOL_EXTENSIONS = YES;
				CLANG_ANALYZER_NONNULL = YES;
				CLANG_ANALYZER_NUMBER_OBJECT_CONVERSION = YES_AGGRESSIVE;
				CLANG_CXX_LANGUAGE_STANDARD = "gnu++20";
				CLANG_ENABLE_MODULES = YES;
				CLANG_ENABLE_OBJC_ARC = YES;
				CLANG_ENABLE_OBJC_WEAK = YES;
				CLANG_WARN_BLOCK_CAPTURE_AUTORELEASING = YES;
				CLANG_WARN_BOOL_CONVERSION = YES;
				CLANG_WARN_COMMA = YES;
				CLANG_WARN_CONSTANT_CONVERSION = YES;
				CLANG_WARN_DEPRECATED_OBJC_IMPLEMENTATIONS = YES;
				CLANG_WARN_DIRECT_OBJC_ISA_USAGE = YES_ERROR;
				CLANG_WARN_DOCUMENTATION_COMMENTS = YES;
				CLANG_WARN_EMPTY_BODY = YES;
				CLANG_WARN_ENUM_CONVERSION = YES;
				CLANG_WARN_INFINITE_RECURSION = YES;
				CLANG_WARN_INT_CONVERSION = YES;
				CLANG_WARN_NON_LITERAL_NULL_CONVERSION = YES;
				CLANG_WARN_OBJC_IMPLICIT_RETAIN_SELF = YES;
				CLANG_WARN_OBJC_LITERAL_CONVERSION = YES;
				CLANG_WARN_OBJC_ROOT_CLASS = YES_ERROR;
				CLANG_WARN_QUOTED_INCLUDE_IN_FRAMEWORK_HEADER = YES;
				CLANG_WARN_RANGE_LOOP_ANALYSIS = YES;
				CLANG_WARN_STRICT_PROTOTYPES = YES;
				CLANG_WARN_SUSPICIOUS_MOVE = YES;
				CLANG_WARN_UNGUARDED_AVAILABILITY = YES_AGGRESSIVE;
				CLANG_WARN_UNREACHABLE_CODE = YES;
				CLANG_WARN__DUPLICATE_METHOD_MATCH = YES;
				COPY_PHASE_STRIP = NO;
				DEBUG_INFORMATION_FORMAT = "dwarf-with-dsym";
				DEVELOPMENT_TEAM = 5N645UMVDP;
				ENABLE_NS_ASSERTIONS = NO;
				ENABLE_STRICT_OBJC_MSGSEND = YES;
				ENABLE_USER_SCRIPT_SANDBOXING = YES;
				GCC_C_LANGUAGE_STANDARD = gnu17;
				GCC_NO_COMMON_BLOCKS = YES;
				GCC_WARN_64_TO_32_BIT_CONVERSION = YES;
				GCC_WARN_ABOUT_RETURN_TYPE = YES_ERROR;
				GCC_WARN_UNDECLARED_SELECTOR = YES;
				GCC_WARN_UNINITIALIZED_AUTOS = YES_AGGRESSIVE;
				GCC_WARN_UNUSED_FUNCTION = YES;
				GCC_WARN_UNUSED_VARIABLE = YES;
				IPHONEOS_DEPLOYMENT_TARGET = 26.5;
				LOCALIZATION_PREFERS_STRING_CATALOGS = YES;
				MTL_ENABLE_DEBUG_INFO = NO;
				MTL_FAST_MATH = YES;
				OTHER_SWIFT_FLAGS = "-cxx-interoperability-mode=default";
				SDKROOT = iphoneos;
				STRING_CATALOG_GENERATE_SYMBOLS = YES;
				SWIFT_COMPILATION_MODE = wholemodule;
				SWIFT_CXX_INTEROPERABILITY_MODE = default;
				VALIDATE_PRODUCT = YES;
			};
			name = Release;
		};
		4BC373462FEFA33600A1DCB4 /* Debug */ = {
			isa = XCBuildConfiguration;
			buildSettings = {
				BUNDLE_LOADER = "$(TEST_HOST)";
				CODE_SIGN_STYLE = Automatic;
				CURRENT_PROJECT_VERSION = 1;
				DEVELOPMENT_TEAM = 5N645UMVDP;
				GENERATE_INFOPLIST_FILE = YES;
				IPHONEOS_DEPLOYMENT_TARGET = 26.5;
				MARKETING_VERSION = 1.0;
				OTHER_SWIFT_FLAGS = "-cxx-interoperability-mode=default";
				PRODUCT_BUNDLE_IDENTIFIER = im.teemu.MatchAcornTests;
				PRODUCT_NAME = "$(TARGET_NAME)";
				STRING_CATALOG_GENERATE_SYMBOLS = NO;
				SWIFT_APPROACHABLE_CONCURRENCY = YES;
				SWIFT_CXX_INTEROPERABILITY_MODE = default;
				SWIFT_EMIT_LOC_STRINGS = NO;
				SWIFT_UPCOMING_FEATURE_MEMBER_IMPORT_VISIBILITY = YES;
				SWIFT_VERSION = 5.0;
				TARGETED_DEVICE_FAMILY = "1,2";
				TEST_HOST = "$(BUILT_PRODUCTS_DIR)/MatchAcorn.app/$(BUNDLE_EXECUTABLE_FOLDER_PATH)/MatchAcorn";
			};
			name = Debug;
		};
		4BC373472FEFA33600A1DCB4 /* Release */ = {
			isa = XCBuildConfiguration;
			buildSettings = {
				BUNDLE_LOADER = "$(TEST_HOST)";
				CODE_SIGN_STYLE = Automatic;
				CURRENT_PROJECT_VERSION = 1;
				DEVELOPMENT_TEAM = 5N645UMVDP;
				GENERATE_INFOPLIST_FILE = YES;
				IPHONEOS_DEPLOYMENT_TARGET = 26.5;
				MARKETING_VERSION = 1.0;
				OTHER_SWIFT_FLAGS = "-cxx-interoperability-mode=default";
				PRODUCT_BUNDLE_IDENTIFIER = im.teemu.MatchAcornTests;
				PRODUCT_NAME = "$(TARGET_NAME)";
				STRING_CATALOG_GENERATE_SYMBOLS = NO;
				SWIFT_APPROACHABLE_CONCURRENCY = YES;
				SWIFT_CXX_INTEROPERABILITY_MODE = default;
				SWIFT_EMIT_LOC_STRINGS = NO;
				SWIFT_UPCOMING_FEATURE_MEMBER_IMPORT_VISIBILITY = YES;
				SWIFT_VERSION = 5.0;
				TARGETED_DEVICE_FAMILY = "1,2";
				TEST_HOST = "$(BUILT_PRODUCTS_DIR)/MatchAcorn.app/$(BUNDLE_EXECUTABLE_FOLDER_PATH)/MatchAcorn";
			};
			name = Release;
		};
		4BC373492FEFA33600A1DCB4 /* Debug */ = {
			isa = XCBuildConfiguration;
			buildSettings = {
				CODE_SIGN_STYLE = Automatic;
				CURRENT_PROJECT_VERSION = 1;
				DEVELOPMENT_TEAM = 5N645UMVDP;
				GENERATE_INFOPLIST_FILE = YES;
				MARKETING_VERSION = 1.0;
				OTHER_SWIFT_FLAGS = "-cxx-interoperability-mode=default";
				PRODUCT_BUNDLE_IDENTIFIER = im.teemu.MatchAcornUITests;
				PRODUCT_NAME = "$(TARGET_NAME)";
				STRING_CATALOG_GENERATE_SYMBOLS = NO;
				SWIFT_APPROACHABLE_CONCURRENCY = YES;
				SWIFT_CXX_INTEROPERABILITY_MODE = default;
				SWIFT_EMIT_LOC_STRINGS = NO;
				SWIFT_UPCOMING_FEATURE_MEMBER_IMPORT_VISIBILITY = YES;
				SWIFT_VERSION = 5.0;
				TARGETED_DEVICE_FAMILY = "1,2";
				TEST_TARGET_NAME = MatchAcorn;
			};
			name = Debug;
		};
		4BC3734A2FEFA33600A1DCB4 /* Release */ = {
			isa = XCBuildConfiguration;
			buildSettings = {
				CODE_SIGN_STYLE = Automatic;
				CURRENT_PROJECT_VERSION = 1;
				DEVELOPMENT_TEAM = 5N645UMVDP;
				GENERATE_INFOPLIST_FILE = YES;
				MARKETING_VERSION = 1.0;
				OTHER_SWIFT_FLAGS = "-cxx-interoperability-mode=default";
				PRODUCT_BUNDLE_IDENTIFIER = im.teemu.MatchAcornUITests;
				PRODUCT_NAME = "$(TARGET_NAME)";
				STRING_CATALOG_GENERATE_SYMBOLS = NO;
				SWIFT_APPROACHABLE_CONCURRENCY = YES;
				SWIFT_CXX_INTEROPERABILITY_MODE = default;
				SWIFT_EMIT_LOC_STRINGS = NO;
				SWIFT_UPCOMING_FEATURE_MEMBER_IMPORT_VISIBILITY = YES;
				SWIFT_VERSION = 5.0;
				TARGETED_DEVICE_FAMILY = "1,2";
				TEST_TARGET_NAME = MatchAcorn;
			};
			name = Release;
		};
/* End XCBuildConfiguration section */

/* Begin XCConfigurationList section */
		4BC373102FEFA33500A1DCB4 /* Build configuration list for PBXProject "MatchAcorn" */ = {
			isa = XCConfigurationList;
			buildConfigurations = (
				4BC373432FEFA33600A1DCB4 /* Debug */,
				4BC373442FEFA33600A1DCB4 /* Release */,
			);
			defaultConfigurationIsVisible = 0;
			defaultConfigurationName = Release;
		};
		4BC373402FEFA33600A1DCB4 /* Build configuration list for PBXNativeTarget "MatchAcorn" */ = {
			isa = XCConfigurationList;
			buildConfigurations = (
				4BC373412FEFA33600A1DCB4 /* Debug */,
				4BC373422FEFA33600A1DCB4 /* Release */,
			);
			defaultConfigurationIsVisible = 0;
			defaultConfigurationName = Release;
		};
		4BC373452FEFA33600A1DCB4 /* Build configuration list for PBXNativeTarget "MatchAcornTests" */ = {
			isa = XCConfigurationList;
			buildConfigurations = (
				4BC373462FEFA33600A1DCB4 /* Debug */,
				4BC373472FEFA33600A1DCB4 /* Release */,
			);
			defaultConfigurationIsVisible = 0;
			defaultConfigurationName = Release;
		};
		4BC373482FEFA33600A1DCB4 /* Build configuration list for PBXNativeTarget "MatchAcornUITests" */ = {
			isa = XCConfigurationList;
			buildConfigurations = (
				4BC373492FEFA33600A1DCB4 /* Debug */,
				4BC3734A2FEFA33600A1DCB4 /* Release */,
			);
			defaultConfigurationIsVisible = 0;
			defaultConfigurationName = Release;
		};
/* End XCConfigurationList section */

/* Begin XCSwiftPackageProductDependency section */
		4B3363B33004F26200890E18 /* AcornEngine */ = {
			isa = XCSwiftPackageProductDependency;
			package = 4B3363B13004F26200890E18 /* XCLocalSwiftPackageReference "../../Engine" */;
			productName = AcornEngine;
		};
/* End XCSwiftPackageProductDependency section */

/* Begin XCLocalSwiftPackageReference section */
		4B3363B13004F26200890E18 /* XCLocalSwiftPackageReference "../../Engine" */ = {
			isa = XCLocalSwiftPackageReference;
			relativePath = ../../Engine;
		};
/* End XCLocalSwiftPackageReference section */
	};
	rootObject = 4BC3730D2FEFA33500A1DCB4 /* Project object */;
}
